
Microsoft Visual Studio Solution File, Format Version 12.00
# Visual Studio Version 17
VisualStudioVersion = 17.14.36915.13 d17.14
MinimumVisualStudioVersion = 10.0.40219.1
Project("{FAE04EC0-301F-11D3-BF4B-00C04F79EFBC}") = "Sude", "Sude\Sude.csproj", "{4F4C55F9-4AFF-4C2D-A0C0-C690093968EE}"
EndProject
Global
	GlobalSection(SolutionConfigurationPlatforms) = preSolution
		Debug|Any CPU = Debug|Any CPU
		Release|Any CPU = Release|Any CPU
	EndGlobalSection
	GlobalSection(ProjectConfigurationPlatforms) = postSolution
		{4F4C55F9-4AFF-4C2D-A0C0-C690093968EE}.Debug|Any CPU.ActiveCfg = Debug|Any CPU
		{4F4C55F9-4AFF-4C2D-A0C0-C690093968EE}.Debug|Any CPU.Build.0 = Debug|Any CPU
		{4F4C55F9-4AFF-4C2D-A0C0-C690093968EE}.Release|Any CPU.ActiveCfg = Release|Any CPU
		{4F4C55F9-4AFF-4C2D-A0C0-C690093968EE}.Release|Any CPU.Build.0 = Release|Any CPU
	EndGlobalSection
	GlobalSection(SolutionProperties) = preSolution
		HideSolutionNode = FALSE
	EndGlobalSection
	GlobalSection(ExtensibilityGlobals) = postSolution
		SolutionGuid = {C546EF0F-4A6E-4EAE-AC3D-1FC24E1619C1}
	EndGlobalSection
EndGlobal
